
Microsoft Visual Studio Solution File, Format Version 12.00
# Visual Studio Version 17
VisualStudioVersion = 17.5.002.0
MinimumVisualStudioVersion = 10.0.40219.1
Project("{9A19103F-16F7-4668-BE54-9A1E7A4F7556}") = "TrilhaApiDesafio", "TrilhaApiDesafio.csproj", "{899DF5DE-BA40-4427-8777-1D10A7D424FF}"
EndProject
Global
	GlobalSection(SolutionConfigurationPlatforms) = preSolution
		Debug|Any CPU = Debug|Any CPU
		Release|Any CPU = Release|Any CPU
	EndGlobalSection
	GlobalSection(ProjectConfigurationPlatforms) = postSolution
		{899DF5DE-BA40-4427-8777-1D10A7D424FF}.Debug|Any CPU.ActiveCfg = Debug|Any CPU
		{899DF5DE-BA40-4427-8777-1D10A7D424FF}.Debug|Any CPU.Build.0 = Debug|Any CPU
		{899DF5DE-BA40-4427-8777-1D10A7D424FF}.Release|Any CPU.ActiveCfg = Release|Any CPU
		{899DF5DE-BA40-4427-8777-1D10A7D424FF}.Release|Any CPU.Build.0 = Release|Any CPU
	EndGlobalSection
	GlobalSection(SolutionProperties) = preSolution
		HideSolutionNode = FALSE
	EndGlobalSection
	GlobalSection(ExtensibilityGlobals) = postSolution
		SolutionGuid = {B43E8E24-DFA6-424C-8B2C-C14D97C08820}
	EndGlobalSection
EndGlobal
